
Microsoft Visual Studio Solution File, Format Version 12.00
# Visual Studio 15
VisualStudioVersion = 15.0.28010.2019
MinimumVisualStudioVersion = 10.0.40219.1
Project("{8BC9CEB8-8B4A-11D0-8D11-00A0C91BC942}") = "home", "home.vcxproj", "{8195A29F-775E-4857-8647-BF20D6175B0E}"
EndProject
Global
	GlobalSection(SolutionConfigurationPlatforms) = preSolution
		Debug|x64 = Debug|x64
		Debug|x86 = Debug|x86
		Release|x64 = Release|x64
		Release|x86 = Release|x86
	EndGlobalSection
	GlobalSection(ProjectConfigurationPlatforms) = postSolution
		{8195A29F-775E-4857-8647-BF20D6175B0E}.Debug|x64.ActiveCfg = Debug|x64
		{8195A29F-775E-4857-8647-BF20D6175B0E}.Debug|x64.Build.0 = Debug|x64
		{8195A29F-775E-4857-8647-BF20D6175B0E}.Debug|x86.ActiveCfg = Debug|Win32
		{8195A29F-775E-4857-8647-BF20D6175B0E}.Debug|x86.Build.0 = Debug|Win32
		{8195A29F-775E-4857-8647-BF20D6175B0E}.Release|x64.ActiveCfg = Release|x64
		{8195A29F-775E-4857-8647-BF20D6175B0E}.Release|x64.Build.0 = Release|x64
		{8195A29F-775E-4857-8647-BF20D6175B0E}.Release|x86.ActiveCfg = Release|Win32
		{8195A29F-775E-4857-8647-BF20D6175B0E}.Release|x86.Build.0 = Release|Win32
	EndGlobalSection
	GlobalSection(SolutionProperties) = preSolution
		HideSolutionNode = FALSE
	EndGlobalSection
	GlobalSection(ExtensibilityGlobals) = postSolution
		SolutionGuid = {38BC1AD0-EF92-4C1B-A608-09BAB37F50E2}
	EndGlobalSection
EndGlobal
